
Microsoft Visual Studio Solution File, Format Version 12.00
# Visual Studio Version 17
VisualStudioVersion = 17.1.32210.238
MinimumVisualStudioVersion = 10.0.40219.1
Project("{FAE04EC0-301F-11D3-BF4B-00C04F79EFBC}") = "SamRab11", "SamRab11\SamRab11.csproj", "{B884DBFC-4D34-4884-B999-2AA8088F19E3}"
EndProject
Global
	GlobalSection(SolutionConfigurationPlatforms) = preSolution
		Debug|Any CPU = Debug|Any CPU
		Release|Any CPU = Release|Any CPU
	EndGlobalSection
	GlobalSection(ProjectConfigurationPlatforms) = postSolution
		{B884DBFC-4D34-4884-B999-2AA8088F19E3}.Debug|Any CPU.ActiveCfg = Debug|Any CPU
		{B884DBFC-4D34-4884-B999-2AA8088F19E3}.Debug|Any CPU.Build.0 = Debug|Any CPU
		{B884DBFC-4D34-4884-B999-2AA8088F19E3}.Release|Any CPU.ActiveCfg = Release|Any CPU
		{B884DBFC-4D34-4884-B999-2AA8088F19E3}.Release|Any CPU.Build.0 = Release|Any CPU
	EndGlobalSection
	GlobalSection(SolutionProperties) = preSolution
		HideSolutionNode = FALSE
	EndGlobalSection
	GlobalSection(ExtensibilityGlobals) = postSolution
		SolutionGuid = {C9C1BC2D-E78E-4E8B-82F0-F4A514635826}
	EndGlobalSection
EndGlobal
